
Microsoft Visual Studio Solution File, Format Version 12.00
# Visual Studio 15
VisualStudioVersion = 15.0.26730.16
MinimumVisualStudioVersion = 10.0.40219.1
Project("{FAE04EC0-301F-11D3-BF4B-00C04F79EFBC}") = "TestWarning", "TestWarning\TestWarning.csproj", "{B8CA61F4-8DE4-4B9E-A89A-672ADEC30755}"
EndProject
Global
	GlobalSection(SolutionConfigurationPlatforms) = preSolution
		Debug|Any CPU = Debug|Any CPU
		Release|Any CPU = Release|Any CPU
	EndGlobalSection
	GlobalSection(ProjectConfigurationPlatforms) = postSolution
		{B8CA61F4-8DE4-4B9E-A89A-672ADEC30755}.Debug|Any CPU.ActiveCfg = Debug|Any CPU
		{B8CA61F4-8DE4-4B9E-A89A-672ADEC30755}.Debug|Any CPU.Build.0 = Debug|Any CPU
		{B8CA61F4-8DE4-4B9E-A89A-672ADEC30755}.Release|Any CPU.ActiveCfg = Release|Any CPU
		{B8CA61F4-8DE4-4B9E-A89A-672ADEC30755}.Release|Any CPU.Build.0 = Release|Any CPU
	EndGlobalSection
	GlobalSection(SolutionProperties) = preSolution
		HideSolutionNode = FALSE
	EndGlobalSection
	GlobalSection(ExtensibilityGlobals) = postSolution
		SolutionGuid = {384A317D-1FA2-4E63-BFEA-2E4D2F707619}
	EndGlobalSection
EndGlobal
